
Microsoft Visual Studio Solution File, Format Version 12.00
# Visual Studio Version 16
VisualStudioVersion = 16.0.30907.101
MinimumVisualStudioVersion = 10.0.40219.1
Project("{FAE04EC0-301F-11D3-BF4B-00C04F79EFBC}") = "SellerProductService", "SellerProductService.csproj", "{498223C3-2FD3-4231-8467-F4FE83A6135F}"
EndProject
Global
	GlobalSection(SolutionConfigurationPlatforms) = preSolution
		Debug|Any CPU = Debug|Any CPU
		Release|Any CPU = Release|Any CPU
	EndGlobalSection
	GlobalSection(ProjectConfigurationPlatforms) = postSolution
		{498223C3-2FD3-4231-8467-F4FE83A6135F}.Debug|Any CPU.ActiveCfg = Debug|Any CPU
		{498223C3-2FD3-4231-8467-F4FE83A6135F}.Debug|Any CPU.Build.0 = Debug|Any CPU
		{498223C3-2FD3-4231-8467-F4FE83A6135F}.Release|Any CPU.ActiveCfg = Release|Any CPU
		{498223C3-2FD3-4231-8467-F4FE83A6135F}.Release|Any CPU.Build.0 = Release|Any CPU
	EndGlobalSection
	GlobalSection(SolutionProperties) = preSolution
		HideSolutionNode = FALSE
	EndGlobalSection
	GlobalSection(ExtensibilityGlobals) = postSolution
		SolutionGuid = {620A9381-89A8-42E4-82BE-C8EB349D5A93}
	EndGlobalSection
EndGlobal
